
Microsoft Visual Studio Solution File, Format Version 12.00
# Visual Studio Version 16
VisualStudioVersion = 16.0.31702.278
MinimumVisualStudioVersion = 10.0.40219.1
Project("{FAE04EC0-301F-11D3-BF4B-00C04F79EFBC}") = "Lab5_WpfApp", "Lab5_WpfApp\Lab5_WpfApp.csproj", "{A5327E1C-0BED-4EF1-B07E-A888A01D55D5}"
EndProject
Global
	GlobalSection(SolutionConfigurationPlatforms) = preSolution
		Debug|Any CPU = Debug|Any CPU
		Release|Any CPU = Release|Any CPU
	EndGlobalSection
	GlobalSection(ProjectConfigurationPlatforms) = postSolution
		{A5327E1C-0BED-4EF1-B07E-A888A01D55D5}.Debug|Any CPU.ActiveCfg = Debug|Any CPU
		{A5327E1C-0BED-4EF1-B07E-A888A01D55D5}.Debug|Any CPU.Build.0 = Debug|Any CPU
		{A5327E1C-0BED-4EF1-B07E-A888A01D55D5}.Release|Any CPU.ActiveCfg = Release|Any CPU
		{A5327E1C-0BED-4EF1-B07E-A888A01D55D5}.Release|Any CPU.Build.0 = Release|Any CPU
	EndGlobalSection
	GlobalSection(SolutionProperties) = preSolution
		HideSolutionNode = FALSE
	EndGlobalSection
	GlobalSection(ExtensibilityGlobals) = postSolution
		SolutionGuid = {87E92545-8CA2-4AFB-8C5C-2638BC6C715A}
	EndGlobalSection
EndGlobal
